// !$*UTF8*$!
{
	archiveVersion = 1;
	classes = {
	};
	objectVersion = 77;
	objects = {

/* Begin PBXContainerItemProxy section */
		1838450E2FC9FD5D00E72255 /* PBXContainerItemProxy */ = {
			isa = PBXContainerItemProxy;
			containerPortal = 183844F52FC9FD5B00E72255 /* Project object */;
			proxyType = 1;
			remoteGlobalIDString = 183844FC2FC9FD5B00E72255;
			remoteInfo = TerminalTV;
		};
		183845182FC9FD5D00E72255 /* PBXContainerItemProxy */ = {
			isa = PBXContainerItemProxy;
			containerPortal = 183844F52FC9FD5B00E72255 /* Project object */;
			proxyType = 1;
			remoteGlobalIDString = 183844FC2FC9FD5B00E72255;
			remoteInfo = TerminalTV;
		};
/* End PBXContainerItemProxy section */

/* Begin PBXFileReference section */
		183150062FD3300F00326357 /* TerminalTVTests.xctest */ = {isa = PBXFileReference; explicitFileType = wrapper.cfbundle; includeInIndex = 0; path = TerminalTVTests.xctest; sourceTree = BUILT_PRODUCTS_DIR; };
		183150072FD3300F00326357 /* TerminalTVUITests.xctest */ = {isa = PBXFileReference; explicitFileType = wrapper.cfbundle; includeInIndex = 0; path = TerminalTVUITests.xctest; sourceTree = BUILT_PRODUCTS_DIR; };
		187C33A62FD1FE8F0039CEE0 /* RootHelper.xcodeproj */ = {isa = PBXFileReference; lastKnownFileType = "wrapper.pb-project"; path = RootHelper.xcodeproj; sourceTree = "<group>"; };
		187C33B52FD1FEFA0039CEE0 /* TerminalTV.app */ = {isa = PBXFileReference; explicitFileType = wrapper.application; includeInIndex = 0; path = TerminalTV.app; sourceTree = BUILT_PRODUCTS_DIR; };
/* End PBXFileReference section */

/* Begin PBXFileSystemSynchronizedRootGroup section */
		183844FF2FC9FD5B00E72255 /* TerminalTV */ = {
			isa = PBXFileSystemSynchronizedRootGroup;
			path = TerminalTV;
			sourceTree = "<group>";
		};
		183845102FC9FD5D00E72255 /* TerminalTVTests */ = {
			isa = PBXFileSystemSynchronizedRootGroup;
			path = TerminalTVTests;
			sourceTree = "<group>";
		};
		1838451A2FC9FD5D00E72255 /* TerminalTVUITests */ = {
			isa = PBXFileSystemSynchronizedRootGroup;
			path = TerminalTVUITests;
			sourceTree = "<group>";
		};
/* End PBXFileSystemSynchronizedRootGroup section */

/* Begin PBXFrameworksBuildPhase section */
		183844FA2FC9FD5B00E72255 /* Frameworks */ = {
			isa = PBXFrameworksBuildPhase;
			buildActionMask = 2147483647;
			files = (
			);
			runOnlyForDeploymentPostprocessing = 0;
		};
		1838450A2FC9FD5D00E72255 /* Frameworks */ = {
			isa = PBXFrameworksBuildPhase;
			buildActionMask = 2147483647;
			files = (
			);
			runOnlyForDeploymentPostprocessing = 0;
		};
		183845142FC9FD5D00E72255 /* Frameworks */ = {
			isa = PBXFrameworksBuildPhase;
			buildActionMask = 2147483647;
			files = (
			);
			runOnlyForDeploymentPostprocessing = 0;
		};
/* End PBXFrameworksBuildPhase section */

/* Begin PBXGroup section */
		183844F42FC9FD5B00E72255 = {
			isa = PBXGroup;
			children = (
				183844FF2FC9FD5B00E72255 /* TerminalTV */,
				183845102FC9FD5D00E72255 /* TerminalTVTests */,
				1838451A2FC9FD5D00E72255 /* TerminalTVUITests */,
				187C33B52FD1FEFA0039CEE0 /* TerminalTV.app */,
				183150062FD3300F00326357 /* TerminalTVTests.xctest */,
				183150072FD3300F00326357 /* TerminalTVUITests.xctest */,
			);
			sourceTree = "<group>";
		};
		187C33AA2FD1FE8F0039CEE0 /* Products */ = {
			isa = PBXGroup;
			name = Products;
			sourceTree = "<group>";
		};
/* End PBXGroup section */

/* Begin PBXNativeTarget section */
		183844FC2FC9FD5B00E72255 /* TerminalTV */ = {
			isa = PBXNativeTarget;
			buildConfigurationList = 183845212FC9FD5D00E72255 /* Build configuration list for PBXNativeTarget "TerminalTV" */;
			buildPhases = (
				183844F92FC9FD5B00E72255 /* Sources */,
				183844FA2FC9FD5B00E72255 /* Frameworks */,
				183844FB2FC9FD5B00E72255 /* Resources */,
			);
			buildRules = (
			);
			dependencies = (
			);
			fileSystemSynchronizedGroups = (
				183844FF2FC9FD5B00E72255 /* TerminalTV */,
			);
			name = TerminalTV;
			packageProductDependencies = (
			);
			productName = TerminalTV;
			productReference = 187C33B52FD1FEFA0039CEE0 /* TerminalTV.app */;
			productType = "com.apple.product-type.application";
		};
		1838450C2FC9FD5D00E72255 /* TerminalTVTests */ = {
			isa = PBXNativeTarget;
			buildConfigurationList = 183845242FC9FD5D00E72255 /* Build configuration list for PBXNativeTarget "TerminalTVTests" */;
			buildPhases = (
				183845092FC9FD5D00E72255 /* Sources */,
				1838450A2FC9FD5D00E72255 /* Frameworks */,
				1838450B2FC9FD5D00E72255 /* Resources */,
			);
			buildRules = (
			);
			dependencies = (
				1838450F2FC9FD5D00E72255 /* PBXTargetDependency */,
			);
			fileSystemSynchronizedGroups = (
				183845102FC9FD5D00E72255 /* TerminalTVTests */,
			);
			name = TerminalTVTests;
			packageProductDependencies = (
			);
			productName = TerminalTVTests;
			productReference = 183150062FD3300F00326357 /* TerminalTVTests.xctest */;
			productType = "com.apple.product-type.bundle.unit-test";
		};
		183845162FC9FD5D00E72255 /* TerminalTVUITests */ = {
			isa = PBXNativeTarget;
			buildConfigurationList = 183845272FC9FD5D00E72255 /* Build configuration list for PBXNativeTarget "TerminalTVUITests" */;
			buildPhases = (
				183845132FC9FD5D00E72255 /* Sources */,
				183845142FC9FD5D00E72255 /* Frameworks */,
				183845152FC9FD5D00E72255 /* Resources */,
			);
			buildRules = (
			);
			dependencies = (
				183845192FC9FD5D00E72255 /* PBXTargetDependency */,
			);
			fileSystemSynchronizedGroups = (
				1838451A2FC9FD5D00E72255 /* TerminalTVUITests */,
			);
			name = TerminalTVUITests;
			packageProductDependencies = (
			);
			productName = TerminalTVUITests;
			productReference = 183150072FD3300F00326357 /* TerminalTVUITests.xctest */;
			productType = "com.apple.product-type.bundle.ui-testing";
		};
/* End PBXNativeTarget section */

/* Begin PBXProject section */
		183844F52FC9FD5B00E72255 /* Project object */ = {
			isa = PBXProject;
			attributes = {
				BuildIndependentTargetsInParallel = 1;
				LastSwiftUpdateCheck = 1620;
				LastUpgradeCheck = 1620;
				TargetAttributes = {
					183844FC2FC9FD5B00E72255 = {
						CreatedOnToolsVersion = 16.2;
						LastSwiftMigration = 1620;
					};
					1838450C2FC9FD5D00E72255 = {
						CreatedOnToolsVersion = 16.2;
						TestTargetID = 183844FC2FC9FD5B00E72255;
					};
					183845162FC9FD5D00E72255 = {
						CreatedOnToolsVersion = 16.2;
						TestTargetID = 183844FC2FC9FD5B00E72255;
					};
				};
			};
			buildConfigurationList = 183844F82FC9FD5B00E72255 /* Build configuration list for PBXProject "TerminalTV" */;
			developmentRegion = en;
			hasScannedForEncodings = 0;
			knownRegions = (
				en,
				Base,
			);
			mainGroup = 183844F42FC9FD5B00E72255;
			minimizedProjectReferenceProxies = 1;
			packageReferences = (
			);
			preferredProjectObjectVersion = 77;
			productRefGroup = 183844F42FC9FD5B00E72255;
			projectDirPath = "";
			projectReferences = (
				{
					ProductGroup = 187C33AA2FD1FE8F0039CEE0 /* Products */;
					ProjectRef = 187C33A62FD1FE8F0039CEE0 /* RootHelper.xcodeproj */;
				},
			);
			projectRoot = "";
			targets = (
				183844FC2FC9FD5B00E72255 /* TerminalTV */,
				1838450C2FC9FD5D00E72255 /* TerminalTVTests */,
				183845162FC9FD5D00E72255 /* TerminalTVUITests */,
			);
		};
/* End PBXProject section */

/* Begin PBXResourcesBuildPhase section */
		183844FB2FC9FD5B00E72255 /* Resources */ = {
			isa = PBXResourcesBuildPhase;
			buildActionMask = 2147483647;
			files = (
			);
			runOnlyForDeploymentPostprocessing = 0;
		};
		1838450B2FC9FD5D00E72255 /* Resources */ = {
			isa = PBXResourcesBuildPhase;
			buildActionMask = 2147483647;
			files = (
			);
			runOnlyForDeploymentPostprocessing = 0;
		};
		183845152FC9FD5D00E72255 /* Resources */ = {
			isa = PBXResourcesBuildPhase;
			buildActionMask = 2147483647;
			files = (
			);
			runOnlyForDeploymentPostprocessing = 0;
		};
/* End PBXResourcesBuildPhase section */

/* Begin PBXSourcesBuildPhase section */
		183844F92FC9FD5B00E72255 /* Sources */ = {
			isa = PBXSourcesBuildPhase;
			buildActionMask = 2147483647;
			files = (
			);
			runOnlyForDeploymentPostprocessing = 0;
		};
		183845092FC9FD5D00E72255 /* Sources */ = {
			isa = PBXSourcesBuildPhase;
			buildActionMask = 2147483647;
			files = (
			);
			runOnlyForDeploymentPostprocessing = 0;
		};
		183845132FC9FD5D00E72255 /* Sources */ = {
			isa = PBXSourcesBuildPhase;
			buildActionMask = 2147483647;
			files = (
			);
			runOnlyForDeploymentPostprocessing = 0;
		};
/* End PBXSourcesBuildPhase section */

/* Begin PBXTargetDependency section */
		1838450F2FC9FD5D00E72255 /* PBXTargetDependency */ = {
			isa = PBXTargetDependency;
			target = 183844FC2FC9FD5B00E72255 /* TerminalTV */;
			targetProxy = 1838450E2FC9FD5D00E72255 /* PBXContainerItemProxy */;
		};
		183845192FC9FD5D00E72255 /* PBXTargetDependency */ = {
			isa = PBXTargetDependency;
			target = 183844FC2FC9FD5B00E72255 /* TerminalTV */;
			targetProxy = 183845182FC9FD5D00E72255 /* PBXContainerItemProxy */;
		};
/* End PBXTargetDependency section */

/* Begin XCBuildConfiguration section */
		1838451F2FC9FD5D00E72255 /* Debug */ = {
			isa = XCBuildConfiguration;
			buildSettings = {
				ALWAYS_SEARCH_USER_PATHS = NO;
				ASSETCATALOG_COMPILER_GENERATE_SWIFT_ASSET_SYMBOL_EXTENSIONS = YES;
				CLANG_ANALYZER_NONNULL = YES;
				CLANG_ANALYZER_NUMBER_OBJECT_CONVERSION = YES_AGGRESSIVE;
				CLANG_CXX_LANGUAGE_STANDARD = "gnu++20";
				CLANG_ENABLE_MODULES = YES;
				CLANG_ENABLE_OBJC_ARC = YES;
				CLANG_ENABLE_OBJC_WEAK = YES;
				CLANG_WARN_BLOCK_CAPTURE_AUTORELEASING = YES;
				CLANG_WARN_BOOL_CONVERSION = YES;
				CLANG_WARN_COMMA = YES;
				CLANG_WARN_CONSTANT_CONVERSION = YES;
				CLANG_WARN_DEPRECATED_OBJC_IMPLEMENTATIONS = YES;
				CLANG_WARN_DIRECT_OBJC_ISA_USAGE = YES_ERROR;
				CLANG_WARN_DOCUMENTATION_COMMENTS = YES;
				CLANG_WARN_EMPTY_BODY = YES;
				CLANG_WARN_ENUM_CONVERSION = YES;
				CLANG_WARN_INFINITE_RECURSION = YES;
				CLANG_WARN_INT_CONVERSION = YES;
				CLANG_WARN_NON_LITERAL_NULL_CONVERSION = YES;
				CLANG_WARN_OBJC_IMPLICIT_RETAIN_SELF = YES;
				CLANG_WARN_OBJC_LITERAL_CONVERSION = YES;
				CLANG_WARN_OBJC_ROOT_CLASS = YES_ERROR;
				CLANG_WARN_QUOTED_INCLUDE_IN_FRAMEWORK_HEADER = YES;
				CLANG_WARN_RANGE_LOOP_ANALYSIS = YES;
				CLANG_WARN_STRICT_PROTOTYPES = YES;
				CLANG_WARN_SUSPICIOUS_MOVE = YES;
				CLANG_WARN_UNGUARDED_AVAILABILITY = YES_AGGRESSIVE;
				CLANG_WARN_UNREACHABLE_CODE = YES;
				CLANG_WARN__DUPLICATE_METHOD_MATCH = YES;
				CODE_SIGN_ENTITLEMENTS = "";
				CODE_SIGN_INJECT_BASE_ENTITLEMENTS = NO;
				COPY_PHASE_STRIP = NO;
				DEBUG_INFORMATION_FORMAT = dwarf;
				ENABLE_STRICT_OBJC_MSGSEND = YES;
				ENABLE_TESTABILITY = YES;
				ENABLE_USER_SCRIPT_SANDBOXING = NO;
				GCC_C_LANGUAGE_STANDARD = gnu17;
				GCC_DYNAMIC_NO_PIC = NO;
				GCC_NO_COMMON_BLOCKS = YES;
				GCC_OPTIMIZATION_LEVEL = 0;
				GCC_PREPROCESSOR_DEFINITIONS = (
					"DEBUG=1",
					"$(inherited)",
				);
				GCC_WARN_64_TO_32_BIT_CONVERSION = YES;
				GCC_WARN_ABOUT_RETURN_TYPE = YES_ERROR;
				GCC_WARN_UNDECLARED_SELECTOR = YES;
				GCC_WARN_UNINITIALIZED_AUTOS = YES_AGGRESSIVE;
				GCC_WARN_UNUSED_FUNCTION = YES;
				GCC_WARN_UNUSED_VARIABLE = YES;
				LOCALIZATION_PREFERS_STRING_CATALOGS = YES;
				MTL_ENABLE_DEBUG_INFO = INCLUDE_SOURCE;
				MTL_FAST_MATH = YES;
				ONLY_ACTIVE_ARCH = YES;
				SDKROOT = appletvos;
				SWIFT_ACTIVE_COMPILATION_CONDITIONS = "DEBUG $(inherited)";
				SWIFT_OPTIMIZATION_LEVEL = "-Onone";
				TVOS_DEPLOYMENT_TARGET = 15.6;
			};
			name = Debug;
		};
		183845202FC9FD5D00E72255 /* Release */ = {
			isa = XCBuildConfiguration;
			buildSettings = {
				ALWAYS_SEARCH_USER_PATHS = NO;
				ASSETCATALOG_COMPILER_GENERATE_SWIFT_ASSET_SYMBOL_EXTENSIONS = YES;
				CLANG_ANALYZER_NONNULL = YES;
				CLANG_ANALYZER_NUMBER_OBJECT_CONVERSION = YES_AGGRESSIVE;
				CLANG_CXX_LANGUAGE_STANDARD = "gnu++20";
				CLANG_ENABLE_MODULES = YES;
				CLANG_ENABLE_OBJC_ARC = YES;
				CLANG_ENABLE_OBJC_WEAK = YES;
				CLANG_WARN_BLOCK_CAPTURE_AUTORELEASING = YES;
				CLANG_WARN_BOOL_CONVERSION = YES;
				CLANG_WARN_COMMA = YES;
				CLANG_WARN_CONSTANT_CONVERSION = YES;
				CLANG_WARN_DEPRECATED_OBJC_IMPLEMENTATIONS = YES;
				CLANG_WARN_DIRECT_OBJC_ISA_USAGE = YES_ERROR;
				CLANG_WARN_DOCUMENTATION_COMMENTS = YES;
				CLANG_WARN_EMPTY_BODY = YES;
				CLANG_WARN_ENUM_CONVERSION = YES;
				CLANG_WARN_INFINITE_RECURSION = YES;
				CLANG_WARN_INT_CONVERSION = YES;
				CLANG_WARN_NON_LITERAL_NULL_CONVERSION = YES;
				CLANG_WARN_OBJC_IMPLICIT_RETAIN_SELF = YES;
				CLANG_WARN_OBJC_LITERAL_CONVERSION = YES;
				CLANG_WARN_OBJC_ROOT_CLASS = YES_ERROR;
				CLANG_WARN_QUOTED_INCLUDE_IN_FRAMEWORK_HEADER = YES;
				CLANG_WARN_RANGE_LOOP_ANALYSIS = YES;
				CLANG_WARN_STRICT_PROTOTYPES = YES;
				CLANG_WARN_SUSPICIOUS_MOVE = YES;
				CLANG_WARN_UNGUARDED_AVAILABILITY = YES_AGGRESSIVE;
				CLANG_WARN_UNREACHABLE_CODE = YES;
				CLANG_WARN__DUPLICATE_METHOD_MATCH = YES;
				CODE_SIGN_ENTITLEMENTS = "";
				CODE_SIGN_INJECT_BASE_ENTITLEMENTS = NO;
				COPY_PHASE_STRIP = NO;
				DEBUG_INFORMATION_FORMAT = "dwarf-with-dsym";
				ENABLE_NS_ASSERTIONS = NO;
				ENABLE_STRICT_OBJC_MSGSEND = YES;
				ENABLE_USER_SCRIPT_SANDBOXING = NO;
				GCC_C_LANGUAGE_STANDARD = gnu17;
				GCC_NO_COMMON_BLOCKS = YES;
				GCC_WARN_64_TO_32_BIT_CONVERSION = YES;
				GCC_WARN_ABOUT_RETURN_TYPE = YES_ERROR;
				GCC_WARN_UNDECLARED_SELECTOR = YES;
				GCC_WARN_UNINITIALIZED_AUTOS = YES_AGGRESSIVE;
				GCC_WARN_UNUSED_FUNCTION = YES;
				GCC_WARN_UNUSED_VARIABLE = YES;
				LOCALIZATION_PREFERS_STRING_CATALOGS = YES;
				MTL_ENABLE_DEBUG_INFO = NO;
				MTL_FAST_MATH = YES;
				SDKROOT = appletvos;
				SWIFT_COMPILATION_MODE = wholemodule;
				TVOS_DEPLOYMENT_TARGET = 15.6;
				VALIDATE_PRODUCT = YES;
			};
			name = Release;
		};
		183845222FC9FD5D00E72255 /* Debug */ = {
			isa = XCBuildConfiguration;
			buildSettings = {
				ASSETCATALOG_COMPILER_APPICON_NAME = AppIcon;
				ASSETCATALOG_COMPILER_GLOBAL_ACCENT_COLOR_NAME = AccentColor;
				ASSETCATALOG_COMPILER_INCLUDE_ALL_APPICON_ASSETS = YES;
				CLANG_ENABLE_MODULES = YES;
				CODE_SIGN_IDENTITY = "Apple Development";
				CODE_SIGN_STYLE = Automatic;
				CURRENT_PROJECT_VERSION = 1;
				DEVELOPMENT_ASSET_PATHS = "\"TerminalTV/Preview Content\"";
				DEVELOPMENT_TEAM = Q5F9LXYCBK;
				ENABLE_PREVIEWS = YES;
				GENERATE_INFOPLIST_FILE = YES;
				INFOPLIST_KEY_UILaunchScreen_Generation = YES;
				INFOPLIST_KEY_UILaunchStoryboardName = " ";
				INFOPLIST_KEY_UIUserInterfaceStyle = Automatic;
				LD_RUNPATH_SEARCH_PATHS = (
					"$(inherited)",
					"@executable_path/Frameworks",
				);
				MARKETING_VERSION = 1.0;
				PRODUCT_BUNDLE_IDENTIFIER = com.fauxly.TerminalTV;
				PRODUCT_NAME = "$(TARGET_NAME)";
				PROVISIONING_PROFILE_SPECIFIER = "";
				REEXPORTED_LIBRARY_PATHS = "";
				SWIFT_EMIT_LOC_STRINGS = YES;
				SWIFT_OBJC_BRIDGING_HEADER = "";
				SWIFT_OPTIMIZATION_LEVEL = "-Onone";
				SWIFT_VERSION = 5.0;
				TARGETED_DEVICE_FAMILY = 3;
				TVOS_DEPLOYMENT_TARGET = 15.6;
			};
			name = Debug;
		};
		183845232FC9FD5D00E72255 /* Release */ = {
			isa = XCBuildConfiguration;
			buildSettings = {
				ASSETCATALOG_COMPILER_APPICON_NAME = AppIcon;
				ASSETCATALOG_COMPILER_GLOBAL_ACCENT_COLOR_NAME = AccentColor;
				ASSETCATALOG_COMPILER_INCLUDE_ALL_APPICON_ASSETS = YES;
				CLANG_ENABLE_MODULES = YES;
				CODE_SIGN_IDENTITY = "Apple Development";
				CODE_SIGN_STYLE = Automatic;
				CURRENT_PROJECT_VERSION = 1;
				DEVELOPMENT_ASSET_PATHS = "\"TerminalTV/Preview Content\"";
				DEVELOPMENT_TEAM = Q5F9LXYCBK;
				ENABLE_PREVIEWS = YES;
				GENERATE_INFOPLIST_FILE = YES;
				INFOPLIST_KEY_UILaunchScreen_Generation = YES;
				INFOPLIST_KEY_UILaunchStoryboardName = " ";
				INFOPLIST_KEY_UIUserInterfaceStyle = Automatic;
				LD_RUNPATH_SEARCH_PATHS = (
					"$(inherited)",
					"@executable_path/Frameworks",
				);
				MARKETING_VERSION = 1.0;
				PRODUCT_BUNDLE_IDENTIFIER = com.fauxly.TerminalTV;
				PRODUCT_NAME = "$(TARGET_NAME)";
				PROVISIONING_PROFILE_SPECIFIER = "";
				REEXPORTED_LIBRARY_PATHS = "";
				SWIFT_EMIT_LOC_STRINGS = YES;
				SWIFT_OBJC_BRIDGING_HEADER = "";
				SWIFT_VERSION = 5.0;
				TARGETED_DEVICE_FAMILY = 3;
				TVOS_DEPLOYMENT_TARGET = 15.6;
			};
			name = Release;
		};
		183845252FC9FD5D00E72255 /* Debug */ = {
			isa = XCBuildConfiguration;
			buildSettings = {
				BUNDLE_LOADER = "$(TEST_HOST)";
				CODE_SIGN_STYLE = Automatic;
				CURRENT_PROJECT_VERSION = 1;
				GENERATE_INFOPLIST_FILE = YES;
				MARKETING_VERSION = 1.0;
				PRODUCT_BUNDLE_IDENTIFIER = com.fauxly.TerminalTVTests;
				PRODUCT_NAME = "$(TARGET_NAME)";
				SWIFT_EMIT_LOC_STRINGS = NO;
				SWIFT_VERSION = 5.0;
				TARGETED_DEVICE_FAMILY = 3;
				TEST_HOST = "$(BUILT_PRODUCTS_DIR)/TerminalTV.app/$(BUNDLE_EXECUTABLE_FOLDER_PATH)/TerminalTV";
				TVOS_DEPLOYMENT_TARGET = 15.6;
			};
			name = Debug;
		};
		183845262FC9FD5D00E72255 /* Release */ = {
			isa = XCBuildConfiguration;
			buildSettings = {
				BUNDLE_LOADER = "$(TEST_HOST)";
				CODE_SIGN_STYLE = Automatic;
				CURRENT_PROJECT_VERSION = 1;
				GENERATE_INFOPLIST_FILE = YES;
				MARKETING_VERSION = 1.0;
				PRODUCT_BUNDLE_IDENTIFIER = com.fauxly.TerminalTVTests;
				PRODUCT_NAME = "$(TARGET_NAME)";
				SWIFT_EMIT_LOC_STRINGS = NO;
				SWIFT_VERSION = 5.0;
				TARGETED_DEVICE_FAMILY = 3;
				TEST_HOST = "$(BUILT_PRODUCTS_DIR)/TerminalTV.app/$(BUNDLE_EXECUTABLE_FOLDER_PATH)/TerminalTV";
				TVOS_DEPLOYMENT_TARGET = 15.6;
			};
			name = Release;
		};
		183845282FC9FD5D00E72255 /* Debug */ = {
			isa = XCBuildConfiguration;
			buildSettings = {
				CODE_SIGN_STYLE = Automatic;
				CURRENT_PROJECT_VERSION = 1;
				GENERATE_INFOPLIST_FILE = YES;
				MARKETING_VERSION = 1.0;
				PRODUCT_BUNDLE_IDENTIFIER = com.fauxly.TerminalTVUITests;
				PRODUCT_NAME = "$(TARGET_NAME)";
				SWIFT_EMIT_LOC_STRINGS = NO;
				SWIFT_VERSION = 5.0;
				TARGETED_DEVICE_FAMILY = 3;
				TEST_TARGET_NAME = TerminalTV;
			};
			name = Debug;
		};
		183845292FC9FD5D00E72255 /* Release */ = {
			isa = XCBuildConfiguration;
			buildSettings = {
				CODE_SIGN_STYLE = Automatic;
				CURRENT_PROJECT_VERSION = 1;
				GENERATE_INFOPLIST_FILE = YES;
				MARKETING_VERSION = 1.0;
				PRODUCT_BUNDLE_IDENTIFIER = com.fauxly.TerminalTVUITests;
				PRODUCT_NAME = "$(TARGET_NAME)";
				SWIFT_EMIT_LOC_STRINGS = NO;
				SWIFT_VERSION = 5.0;
				TARGETED_DEVICE_FAMILY = 3;
				TEST_TARGET_NAME = TerminalTV;
			};
			name = Release;
		};
/* End XCBuildConfiguration section */

/* Begin XCConfigurationList section */
		183844F82FC9FD5B00E72255 /* Build configuration list for PBXProject "TerminalTV" */ = {
			isa = XCConfigurationList;
			buildConfigurations = (
				1838451F2FC9FD5D00E72255 /* Debug */,
				183845202FC9FD5D00E72255 /* Release */,
			);
			defaultConfigurationIsVisible = 0;
			defaultConfigurationName = Release;
		};
		183845212FC9FD5D00E72255 /* Build configuration list for PBXNativeTarget "TerminalTV" */ = {
			isa = XCConfigurationList;
			buildConfigurations = (
				183845222FC9FD5D00E72255 /* Debug */,
				183845232FC9FD5D00E72255 /* Release */,
			);
			defaultConfigurationIsVisible = 0;
			defaultConfigurationName = Release;
		};
		183845242FC9FD5D00E72255 /* Build configuration list for PBXNativeTarget "TerminalTVTests" */ = {
			isa = XCConfigurationList;
			buildConfigurations = (
				183845252FC9FD5D00E72255 /* Debug */,
				183845262FC9FD5D00E72255 /* Release */,
			);
			defaultConfigurationIsVisible = 0;
			defaultConfigurationName = Release;
		};
		183845272FC9FD5D00E72255 /* Build configuration list for PBXNativeTarget "TerminalTVUITests" */ = {
			isa = XCConfigurationList;
			buildConfigurations = (
				183845282FC9FD5D00E72255 /* Debug */,
				183845292FC9FD5D00E72255 /* Release */,
			);
			defaultConfigurationIsVisible = 0;
			defaultConfigurationName = Release;
		};
/* End XCConfigurationList section */
	};
	rootObject = 183844F52FC9FD5B00E72255 /* Project object */;
}
